
Microsoft Visual Studio Solution File, Format Version 12.00
# Visual Studio Version 16
VisualStudioVersion = 16.0.31321.278
MinimumVisualStudioVersion = 10.0.40219.1
Project("{FAE04EC0-301F-11D3-BF4B-00C04F79EFBC}") = "Reverse_deneme", "Reverse_deneme\Reverse_deneme.csproj", "{F591BF9E-E799-452B-ADDD-BA3738250A6D}"
EndProject
Global
	GlobalSection(SolutionConfigurationPlatforms) = preSolution
		Debug|Any CPU = Debug|Any CPU
		Release|Any CPU = Release|Any CPU
	EndGlobalSection
	GlobalSection(ProjectConfigurationPlatforms) = postSolution
		{F591BF9E-E799-452B-ADDD-BA3738250A6D}.Debug|Any CPU.ActiveCfg = Debug|Any CPU
		{F591BF9E-E799-452B-ADDD-BA3738250A6D}.Debug|Any CPU.Build.0 = Debug|Any CPU
		{F591BF9E-E799-452B-ADDD-BA3738250A6D}.Release|Any CPU.ActiveCfg = Release|Any CPU
		{F591BF9E-E799-452B-ADDD-BA3738250A6D}.Release|Any CPU.Build.0 = Release|Any CPU
	EndGlobalSection
	GlobalSection(SolutionProperties) = preSolution
		HideSolutionNode = FALSE
	EndGlobalSection
	GlobalSection(ExtensibilityGlobals) = postSolution
		SolutionGuid = {DCB8A265-1877-4890-8030-8D9D463D6A6C}
	EndGlobalSection
EndGlobal
