
Microsoft Visual Studio Solution File, Format Version 12.00
# Visual Studio Version 16
VisualStudioVersion = 16.0.31321.278
MinimumVisualStudioVersion = 10.0.40219.1
Project("{FAE04EC0-301F-11D3-BF4B-00C04F79EFBC}") = "fibonacci", "fibonacci\fibonacci.csproj", "{23C4C9F2-01DE-4D44-8903-B98B307020A4}"
EndProject
Global
	GlobalSection(SolutionConfigurationPlatforms) = preSolution
		Debug|Any CPU = Debug|Any CPU
		Release|Any CPU = Release|Any CPU
	EndGlobalSection
	GlobalSection(ProjectConfigurationPlatforms) = postSolution
		{23C4C9F2-01DE-4D44-8903-B98B307020A4}.Debug|Any CPU.ActiveCfg = Debug|Any CPU
		{23C4C9F2-01DE-4D44-8903-B98B307020A4}.Debug|Any CPU.Build.0 = Debug|Any CPU
		{23C4C9F2-01DE-4D44-8903-B98B307020A4}.Release|Any CPU.ActiveCfg = Release|Any CPU
		{23C4C9F2-01DE-4D44-8903-B98B307020A4}.Release|Any CPU.Build.0 = Release|Any CPU
	EndGlobalSection
	GlobalSection(SolutionProperties) = preSolution
		HideSolutionNode = FALSE
	EndGlobalSection
	GlobalSection(ExtensibilityGlobals) = postSolution
		SolutionGuid = {35508C5B-D5A4-4F03-B0EC-2C2C3AAEA5B6}
	EndGlobalSection
EndGlobal
