
Microsoft Visual Studio Solution File, Format Version 12.00
# Visual Studio Version 16
VisualStudioVersion = 16.0.31321.278
MinimumVisualStudioVersion = 10.0.40219.1
Project("{FAE04EC0-301F-11D3-BF4B-00C04F79EFBC}") = "PrimeNum", "PrimeNum\PrimeNum.csproj", "{91D472E5-CE2A-47ED-BD0D-9B9C5A7DAF72}"
EndProject
Global
	GlobalSection(SolutionConfigurationPlatforms) = preSolution
		Debug|Any CPU = Debug|Any CPU
		Release|Any CPU = Release|Any CPU
	EndGlobalSection
	GlobalSection(ProjectConfigurationPlatforms) = postSolution
		{91D472E5-CE2A-47ED-BD0D-9B9C5A7DAF72}.Debug|Any CPU.ActiveCfg = Debug|Any CPU
		{91D472E5-CE2A-47ED-BD0D-9B9C5A7DAF72}.Debug|Any CPU.Build.0 = Debug|Any CPU
		{91D472E5-CE2A-47ED-BD0D-9B9C5A7DAF72}.Release|Any CPU.ActiveCfg = Release|Any CPU
		{91D472E5-CE2A-47ED-BD0D-9B9C5A7DAF72}.Release|Any CPU.Build.0 = Release|Any CPU
	EndGlobalSection
	GlobalSection(SolutionProperties) = preSolution
		HideSolutionNode = FALSE
	EndGlobalSection
	GlobalSection(ExtensibilityGlobals) = postSolution
		SolutionGuid = {D43FD956-D26A-4944-900D-058880F65B86}
	EndGlobalSection
EndGlobal
