
Microsoft Visual Studio Solution File, Format Version 12.00
# Visual Studio Version 16
VisualStudioVersion = 16.0.31321.278
MinimumVisualStudioVersion = 10.0.40219.1
Project("{FAE04EC0-301F-11D3-BF4B-00C04F79EFBC}") = "hayyam", "hayyam\hayyam.csproj", "{68F5F6DD-6AA2-488D-943E-96AC93969D34}"
EndProject
Global
	GlobalSection(SolutionConfigurationPlatforms) = preSolution
		Debug|Any CPU = Debug|Any CPU
		Release|Any CPU = Release|Any CPU
	EndGlobalSection
	GlobalSection(ProjectConfigurationPlatforms) = postSolution
		{68F5F6DD-6AA2-488D-943E-96AC93969D34}.Debug|Any CPU.ActiveCfg = Debug|Any CPU
		{68F5F6DD-6AA2-488D-943E-96AC93969D34}.Debug|Any CPU.Build.0 = Debug|Any CPU
		{68F5F6DD-6AA2-488D-943E-96AC93969D34}.Release|Any CPU.ActiveCfg = Release|Any CPU
		{68F5F6DD-6AA2-488D-943E-96AC93969D34}.Release|Any CPU.Build.0 = Release|Any CPU
	EndGlobalSection
	GlobalSection(SolutionProperties) = preSolution
		HideSolutionNode = FALSE
	EndGlobalSection
	GlobalSection(ExtensibilityGlobals) = postSolution
		SolutionGuid = {63E17BAC-17A0-43BA-944F-760C23629FF5}
	EndGlobalSection
EndGlobal
