
Microsoft Visual Studio Solution File, Format Version 12.00
# Visual Studio Version 16
VisualStudioVersion = 16.0.31321.278
MinimumVisualStudioVersion = 10.0.40219.1
Project("{FAE04EC0-301F-11D3-BF4B-00C04F79EFBC}") = "swapintswithtwovariable", "swapintswithtwovariable\swapintswithtwovariable.csproj", "{9C9E6EE1-DB72-4F6F-954D-0F3F07F33D0A}"
EndProject
Global
	GlobalSection(SolutionConfigurationPlatforms) = preSolution
		Debug|Any CPU = Debug|Any CPU
		Release|Any CPU = Release|Any CPU
	EndGlobalSection
	GlobalSection(ProjectConfigurationPlatforms) = postSolution
		{9C9E6EE1-DB72-4F6F-954D-0F3F07F33D0A}.Debug|Any CPU.ActiveCfg = Debug|Any CPU
		{9C9E6EE1-DB72-4F6F-954D-0F3F07F33D0A}.Debug|Any CPU.Build.0 = Debug|Any CPU
		{9C9E6EE1-DB72-4F6F-954D-0F3F07F33D0A}.Release|Any CPU.ActiveCfg = Release|Any CPU
		{9C9E6EE1-DB72-4F6F-954D-0F3F07F33D0A}.Release|Any CPU.Build.0 = Release|Any CPU
	EndGlobalSection
	GlobalSection(SolutionProperties) = preSolution
		HideSolutionNode = FALSE
	EndGlobalSection
	GlobalSection(ExtensibilityGlobals) = postSolution
		SolutionGuid = {76BDC28A-7B68-481A-B0A8-590DD75CEBE6}
	EndGlobalSection
EndGlobal
